
Microsoft Visual Studio Solution File, Format Version 12.00
# Visual Studio 15
VisualStudioVersion = 15.0.27130.2027
MinimumVisualStudioVersion = 10.0.40219.1
Project("{FAE04EC0-301F-11D3-BF4B-00C04F79EFBC}") = "Products.Android", "Products\Products.Android\Products.Android.csproj", "{1068F63D-416E-482D-9361-9C0EEB6BA69E}"
EndProject
Project("{FAE04EC0-301F-11D3-BF4B-00C04F79EFBC}") = "Products.iOS", "Products\Products.iOS\Products.iOS.csproj", "{938F62A3-47DC-4AC4-A2AA-0BF5E383CCE2}"
EndProject
Project("{FAE04EC0-301F-11D3-BF4B-00C04F79EFBC}") = "Products.UWP", "Products\Products.UWP\Products.UWP.csproj", "{7C0F8F45-AC3A-473B-886B-A2E27A5C89F0}"
EndProject
Project("{9A19103F-16F7-4668-BE54-9A1E7A4F7556}") = "Products", "Products\Products\Products.csproj", "{A4A57430-B1F1-4E2F-B432-F01B12B1F388}"
EndProject
Project("{FAE04EC0-301F-11D3-BF4B-00C04F79EFBC}") = "Products.Domain", "Products.Domain\Products.Domain.csproj", "{2D361465-6C11-4B8C-91FD-B5E5C3FF4B2E}"
EndProject
Project("{FAE04EC0-301F-11D3-BF4B-00C04F79EFBC}") = "Products.Backend", "Products.Backend\Products.Backend.csproj", "{EB06D658-266C-4442-8B20-56F32E9560A3}"
EndProject
Project("{FAE04EC0-301F-11D3-BF4B-00C04F79EFBC}") = "Products.Api", "Products.Api\Products.Api.csproj", "{C4BBB1E8-94E2-45DD-A236-E25F2D720682}"
EndProject
Global
	GlobalSection(SolutionConfigurationPlatforms) = preSolution
		Ad-Hoc|Any CPU = Ad-Hoc|Any CPU
		Ad-Hoc|ARM = Ad-Hoc|ARM
		Ad-Hoc|iPhone = Ad-Hoc|iPhone
		Ad-Hoc|iPhoneSimulator = Ad-Hoc|iPhoneSimulator
		Ad-Hoc|x64 = Ad-Hoc|x64
		Ad-Hoc|x86 = Ad-Hoc|x86
		AppStore|Any CPU = AppStore|Any CPU
		AppStore|ARM = AppStore|ARM
		AppStore|iPhone = AppStore|iPhone
		AppStore|iPhoneSimulator = AppStore|iPhoneSimulator
		AppStore|x64 = AppStore|x64
		AppStore|x86 = AppStore|x86
		Debug|Any CPU = Debug|Any CPU
		Debug|ARM = Debug|ARM
		Debug|iPhone = Debug|iPhone
		Debug|iPhoneSimulator = Debug|iPhoneSimulator
		Debug|x64 = Debug|x64
		Debug|x86 = Debug|x86
		Release|Any CPU = Release|Any CPU
		Release|ARM = Release|ARM
		Release|iPhone = Release|iPhone
		Release|iPhoneSimulator = Release|iPhoneSimulator
		Release|x64 = Release|x64
		Release|x86 = Release|x86
	EndGlobalSection
	GlobalSection(ProjectConfigurationPlatforms) = postSolution
		{1068F63D-416E-482D-9361-9C0EEB6BA69E}.Ad-Hoc|Any CPU.ActiveCfg = Release|Any CPU
		{1068F63D-416E-482D-9361-9C0EEB6BA69E}.Ad-Hoc|Any CPU.Build.0 = Release|Any CPU
		{1068F63D-416E-482D-9361-9C0EEB6BA69E}.Ad-Hoc|Any CPU.Deploy.0 = Release|Any CPU
		{1068F63D-416E-482D-9361-9C0EEB6BA69E}.Ad-Hoc|ARM.ActiveCfg = Release|Any CPU
		{1068F63D-416E-482D-9361-9C0EEB6BA69E}.Ad-Hoc|ARM.Build.0 = Release|Any CPU
		{1068F63D-416E-482D-9361-9C0EEB6BA69E}.Ad-Hoc|ARM.Deploy.0 = Release|Any CPU
		{1068F63D-416E-482D-9361-9C0EEB6BA69E}.Ad-Hoc|iPhone.ActiveCfg = Release|Any CPU
		{1068F63D-416E-482D-9361-9C0EEB6BA69E}.Ad-Hoc|iPhone.Build.0 = Release|Any CPU
		{1068F63D-416E-482D-9361-9C0EEB6BA69E}.Ad-Hoc|iPhone.Deploy.0 = Release|Any CPU
		{1068F63D-416E-482D-9361-9C0EEB6BA69E}.Ad-Hoc|iPhoneSimulator.ActiveCfg = Release|Any CPU
		{1068F63D-416E-482D-9361-9C0EEB6BA69E}.Ad-Hoc|iPhoneSimulator.Build.0 = Release|Any CPU
		{1068F63D-416E-482D-9361-9C0EEB6BA69E}.Ad-Hoc|iPhoneSimulator.Deploy.0 = Release|Any CPU
		{1068F63D-416E-482D-9361-9C0EEB6BA69E}.Ad-Hoc|x64.ActiveCfg = Release|Any CPU
		{1068F63D-416E-482D-9361-9C0EEB6BA69E}.Ad-Hoc|x64.Build.0 = Release|Any CPU
		{1068F63D-416E-482D-9361-9C0EEB6BA69E}.Ad-Hoc|x64.Deploy.0 = Release|Any CPU
		{1068F63D-416E-482D-9361-9C0EEB6BA69E}.Ad-Hoc|x86.ActiveCfg = Release|Any CPU
		{1068F63D-416E-482D-9361-9C0EEB6BA69E}.Ad-Hoc|x86.Build.0 = Release|Any CPU
		{1068F63D-416E-482D-9361-9C0EEB6BA69E}.Ad-Hoc|x86.Deploy.0 = Release|Any CPU
		{1068F63D-416E-482D-9361-9C0EEB6BA69E}.AppStore|Any CPU.ActiveCfg = Release|Any CPU
		{1068F63D-416E-482D-9361-9C0EEB6BA69E}.AppStore|Any CPU.Build.0 = Release|Any CPU
		{1068F63D-416E-482D-9361-9C0EEB6BA69E}.AppStore|Any CPU.Deploy.0 = Release|Any CPU
		{1068F63D-416E-482D-9361-9C0EEB6BA69E}.AppStore|ARM.ActiveCfg = Release|Any CPU
		{1068F63D-416E-482D-9361-9C0EEB6BA69E}.AppStore|ARM.Build.0 = Release|Any CPU
		{1068F63D-416E-482D-9361-9C0EEB6BA69E}.AppStore|ARM.Deploy.0 = Release|Any CPU
		{1068F63D-416E-482D-9361-9C0EEB6BA69E}.AppStore|iPhone.ActiveCfg = Release|Any CPU
		{1068F63D-416E-482D-9361-9C0EEB6BA69E}.AppStore|iPhone.Build.0 = Release|Any CPU
		{1068F63D-416E-482D-9361-9C0EEB6BA69E}.AppStore|iPhone.Deploy.0 = Release|Any CPU
		{1068F63D-416E-482D-9361-9C0EEB6BA69E}.AppStore|iPhoneSimulator.ActiveCfg = Release|Any CPU
		{1068F63D-416E-482D-9361-9C0EEB6BA69E}.AppStore|iPhoneSimulator.Build.0 = Release|Any CPU
		{1068F63D-416E-482D-9361-9C0EEB6BA69E}.AppStore|iPhoneSimulator.Deploy.0 = Release|Any CPU
		{1068F63D-416E-482D-9361-9C0EEB6BA69E}.AppStore|x64.ActiveCfg = Release|Any CPU
		{1068F63D-416E-482D-9361-9C0EEB6BA69E}.AppStore|x64.Build.0 = Release|Any CPU
		{1068F63D-416E-482D-9361-9C0EEB6BA69E}.AppStore|x64.Deploy.0 = Release|Any CPU
		{1068F63D-416E-482D-9361-9C0EEB6BA69E}.AppStore|x86.ActiveCfg = Release|Any CPU
		{1068F63D-416E-482D-9361-9C0EEB6BA69E}.AppStore|x86.Build.0 = Release|Any CPU
		{1068F63D-416E-482D-9361-9C0EEB6BA69E}.AppStore|x86.Deploy.0 = Release|Any CPU
		{1068F63D-416E-482D-9361-9C0EEB6BA69E}.Debug|Any CPU.ActiveCfg = Debug|Any CPU
		{1068F63D-416E-482D-9361-9C0EEB6BA69E}.Debug|Any CPU.Build.0 = Debug|Any CPU
		{1068F63D-416E-482D-9361-9C0EEB6BA69E}.Debug|Any CPU.Deploy.0 = Debug|Any CPU
		{1068F63D-416E-482D-9361-9C0EEB6BA69E}.Debug|ARM.ActiveCfg = Debug|Any CPU
		{1068F63D-416E-482D-9361-9C0EEB6BA69E}.Debug|ARM.Build.0 = Debug|Any CPU
		{1068F63D-416E-482D-9361-9C0EEB6BA69E}.Debug|ARM.Deploy.0 = Debug|Any CPU
		{1068F63D-416E-482D-9361-9C0EEB6BA69E}.Debug|iPhone.ActiveCfg = Debug|Any CPU
		{1068F63D-416E-482D-9361-9C0EEB6BA69E}.Debug|iPhone.Build.0 = Debug|Any CPU
		{1068F63D-416E-482D-9361-9C0EEB6BA69E}.Debug|iPhone.Deploy.0 = Debug|Any CPU
		{1068F63D-416E-482D-9361-9C0EEB6BA69E}.Debug|iPhoneSimulator.ActiveCfg = Debug|Any CPU
		{1068F63D-416E-482D-9361-9C0EEB6BA69E}.Debug|iPhoneSimulator.Build.0 = Debug|Any CPU
		{1068F63D-416E-482D-9361-9C0EEB6BA69E}.Debug|iPhoneSimulator.Deploy.0 = Debug|Any CPU
		{1068F63D-416E-482D-9361-9C0EEB6BA69E}.Debug|x64.ActiveCfg = Debug|Any CPU
		{1068F63D-416E-482D-9361-9C0EEB6BA69E}.Debug|x64.Build.0 = Debug|Any CPU
		{1068F63D-416E-482D-9361-9C0EEB6BA69E}.Debug|x64.Deploy.0 = Debug|Any CPU
		{1068F63D-416E-482D-9361-9C0EEB6BA69E}.Debug|x86.ActiveCfg = Debug|Any CPU
		{1068F63D-416E-482D-9361-9C0EEB6BA69E}.Debug|x86.Build.0 = Debug|Any CPU
		{1068F63D-416E-482D-9361-9C0EEB6BA69E}.Debug|x86.Deploy.0 = Debug|Any CPU
		{1068F63D-416E-482D-9361-9C0EEB6BA69E}.Release|Any CPU.ActiveCfg = Release|Any CPU
		{1068F63D-416E-482D-9361-9C0EEB6BA69E}.Release|Any CPU.Build.0 = Release|Any CPU
		{1068F63D-416E-482D-9361-9C0EEB6BA69E}.Release|Any CPU.Deploy.0 = Release|Any CPU
		{1068F63D-416E-482D-9361-9C0EEB6BA69E}.Release|ARM.ActiveCfg = Release|Any CPU
		{1068F63D-416E-482D-9361-9C0EEB6BA69E}.Release|ARM.Build.0 = Release|Any CPU
		{1068F63D-416E-482D-9361-9C0EEB6BA69E}.Release|ARM.Deploy.0 = Release|Any CPU
		{1068F63D-416E-482D-9361-9C0EEB6BA69E}.Release|iPhone.ActiveCfg = Release|Any CPU
		{1068F63D-416E-482D-9361-9C0EEB6BA69E}.Release|iPhone.Build.0 = Release|Any CPU
		{1068F63D-416E-482D-9361-9C0EEB6BA69E}.Release|iPhone.Deploy.0 = Release|Any CPU
		{1068F63D-416E-482D-9361-9C0EEB6BA69E}.Release|iPhoneSimulator.ActiveCfg = Release|Any CPU
		{1068F63D-416E-482D-9361-9C0EEB6BA69E}.Release|iPhoneSimulator.Build.0 = Release|Any CPU
		{1068F63D-416E-482D-9361-9C0EEB6BA69E}.Release|iPhoneSimulator.Deploy.0 = Release|Any CPU
		{1068F63D-416E-482D-9361-9C0EEB6BA69E}.Release|x64.ActiveCfg = Release|Any CPU
		{1068F63D-416E-482D-9361-9C0EEB6BA69E}.Release|x64.Build.0 = Release|Any CPU
		{1068F63D-416E-482D-9361-9C0EEB6BA69E}.Release|x64.Deploy.0 = Release|Any CPU
		{1068F63D-416E-482D-9361-9C0EEB6BA69E}.Release|x86.ActiveCfg = Release|Any CPU
		{1068F63D-416E-482D-9361-9C0EEB6BA69E}.Release|x86.Build.0 = Release|Any CPU
		{1068F63D-416E-482D-9361-9C0EEB6BA69E}.Release|x86.Deploy.0 = Release|Any CPU
		{938F62A3-47DC-4AC4-A2AA-0BF5E383CCE2}.Ad-Hoc|Any CPU.ActiveCfg = Ad-Hoc|iPhone
		{938F62A3-47DC-4AC4-A2AA-0BF5E383CCE2}.Ad-Hoc|ARM.ActiveCfg = Ad-Hoc|iPhone
		{938F62A3-47DC-4AC4-A2AA-0BF5E383CCE2}.Ad-Hoc|iPhone.ActiveCfg = Ad-Hoc|iPhone
		{938F62A3-47DC-4AC4-A2AA-0BF5E383CCE2}.Ad-Hoc|iPhone.Build.0 = Ad-Hoc|iPhone
		{938F62A3-47DC-4AC4-A2AA-0BF5E383CCE2}.Ad-Hoc|iPhoneSimulator.ActiveCfg = Ad-Hoc|iPhoneSimulator
		{938F62A3-47DC-4AC4-A2AA-0BF5E383CCE2}.Ad-Hoc|iPhoneSimulator.Build.0 = Ad-Hoc|iPhoneSimulator
		{938F62A3-47DC-4AC4-A2AA-0BF5E383CCE2}.Ad-Hoc|x64.ActiveCfg = Ad-Hoc|iPhone
		{938F62A3-47DC-4AC4-A2AA-0BF5E383CCE2}.Ad-Hoc|x86.ActiveCfg = Ad-Hoc|iPhone
		{938F62A3-47DC-4AC4-A2AA-0BF5E383CCE2}.AppStore|Any CPU.ActiveCfg = AppStore|iPhone
		{938F62A3-47DC-4AC4-A2AA-0BF5E383CCE2}.AppStore|ARM.ActiveCfg = AppStore|iPhone
		{938F62A3-47DC-4AC4-A2AA-0BF5E383CCE2}.AppStore|iPhone.ActiveCfg = AppStore|iPhone
		{938F62A3-47DC-4AC4-A2AA-0BF5E383CCE2}.AppStore|iPhone.Build.0 = AppStore|iPhone
		{938F62A3-47DC-4AC4-A2AA-0BF5E383CCE2}.AppStore|iPhoneSimulator.ActiveCfg = AppStore|iPhoneSimulator
		{938F62A3-47DC-4AC4-A2AA-0BF5E383CCE2}.AppStore|iPhoneSimulator.Build.0 = AppStore|iPhoneSimulator
		{938F62A3-47DC-4AC4-A2AA-0BF5E383CCE2}.AppStore|x64.ActiveCfg = AppStore|iPhone
		{938F62A3-47DC-4AC4-A2AA-0BF5E383CCE2}.AppStore|x86.ActiveCfg = AppStore|iPhone
		{938F62A3-47DC-4AC4-A2AA-0BF5E383CCE2}.Debug|Any CPU.ActiveCfg = Debug|iPhone
		{938F62A3-47DC-4AC4-A2AA-0BF5E383CCE2}.Debug|Any CPU.Build.0 = Debug|iPhone
		{938F62A3-47DC-4AC4-A2AA-0BF5E383CCE2}.Debug|ARM.ActiveCfg = Debug|iPhone
		{938F62A3-47DC-4AC4-A2AA-0BF5E383CCE2}.Debug|iPhone.ActiveCfg = Debug|iPhone
		{938F62A3-47DC-4AC4-A2AA-0BF5E383CCE2}.Debug|iPhone.Build.0 = Debug|iPhone
		{938F62A3-47DC-4AC4-A2AA-0BF5E383CCE2}.Debug|iPhoneSimulator.ActiveCfg = Debug|iPhoneSimulator
		{938F62A3-47DC-4AC4-A2AA-0BF5E383CCE2}.Debug|iPhoneSimulator.Build.0 = Debug|iPhoneSimulator
		{938F62A3-47DC-4AC4-A2AA-0BF5E383CCE2}.Debug|x64.ActiveCfg = Debug|iPhone
		{938F62A3-47DC-4AC4-A2AA-0BF5E383CCE2}.Debug|x86.ActiveCfg = Debug|iPhone
		{938F62A3-47DC-4AC4-A2AA-0BF5E383CCE2}.Debug|x86.Build.0 = Debug|iPhone
		{938F62A3-47DC-4AC4-A2AA-0BF5E383CCE2}.Release|Any CPU.ActiveCfg = Release|iPhone
		{938F62A3-47DC-4AC4-A2AA-0BF5E383CCE2}.Release|ARM.ActiveCfg = Release|iPhone
		{938F62A3-47DC-4AC4-A2AA-0BF5E383CCE2}.Release|iPhone.ActiveCfg = Release|iPhone
		{938F62A3-47DC-4AC4-A2AA-0BF5E383CCE2}.Release|iPhone.Build.0 = Release|iPhone
		{938F62A3-47DC-4AC4-A2AA-0BF5E383CCE2}.Release|iPhoneSimulator.ActiveCfg = Release|iPhoneSimulator
		{938F62A3-47DC-4AC4-A2AA-0BF5E383CCE2}.Release|iPhoneSimulator.Build.0 = Release|iPhoneSimulator
		{938F62A3-47DC-4AC4-A2AA-0BF5E383CCE2}.Release|x64.ActiveCfg = Release|iPhone
		{938F62A3-47DC-4AC4-A2AA-0BF5E383CCE2}.Release|x86.ActiveCfg = Release|iPhone
		{7C0F8F45-AC3A-473B-886B-A2E27A5C89F0}.Ad-Hoc|Any CPU.ActiveCfg = Release|x86
		{7C0F8F45-AC3A-473B-886B-A2E27A5C89F0}.Ad-Hoc|Any CPU.Build.0 = Release|x86
		{7C0F8F45-AC3A-473B-886B-A2E27A5C89F0}.Ad-Hoc|Any CPU.Deploy.0 = Release|x86
		{7C0F8F45-AC3A-473B-886B-A2E27A5C89F0}.Ad-Hoc|ARM.ActiveCfg = Release|ARM
		{7C0F8F45-AC3A-473B-886B-A2E27A5C89F0}.Ad-Hoc|ARM.Build.0 = Release|ARM
		{7C0F8F45-AC3A-473B-886B-A2E27A5C89F0}.Ad-Hoc|ARM.Deploy.0 = Release|ARM
		{7C0F8F45-AC3A-473B-886B-A2E27A5C89F0}.Ad-Hoc|iPhone.ActiveCfg = Release|x86
		{7C0F8F45-AC3A-473B-886B-A2E27A5C89F0}.Ad-Hoc|iPhone.Build.0 = Release|x86
		{7C0F8F45-AC3A-473B-886B-A2E27A5C89F0}.Ad-Hoc|iPhone.Deploy.0 = Release|x86
		{7C0F8F45-AC3A-473B-886B-A2E27A5C89F0}.Ad-Hoc|iPhoneSimulator.ActiveCfg = Release|x86
		{7C0F8F45-AC3A-473B-886B-A2E27A5C89F0}.Ad-Hoc|iPhoneSimulator.Build.0 = Release|x86
		{7C0F8F45-AC3A-473B-886B-A2E27A5C89F0}.Ad-Hoc|iPhoneSimulator.Deploy.0 = Release|x86
		{7C0F8F45-AC3A-473B-886B-A2E27A5C89F0}.Ad-Hoc|x64.ActiveCfg = Release|x64
		{7C0F8F45-AC3A-473B-886B-A2E27A5C89F0}.Ad-Hoc|x64.Build.0 = Release|x64
		{7C0F8F45-AC3A-473B-886B-A2E27A5C89F0}.Ad-Hoc|x64.Deploy.0 = Release|x64
		{7C0F8F45-AC3A-473B-886B-A2E27A5C89F0}.Ad-Hoc|x86.ActiveCfg = Release|x86
		{7C0F8F45-AC3A-473B-886B-A2E27A5C89F0}.Ad-Hoc|x86.Build.0 = Release|x86
		{7C0F8F45-AC3A-473B-886B-A2E27A5C89F0}.Ad-Hoc|x86.Deploy.0 = Release|x86
		{7C0F8F45-AC3A-473B-886B-A2E27A5C89F0}.AppStore|Any CPU.ActiveCfg = Release|x86
		{7C0F8F45-AC3A-473B-886B-A2E27A5C89F0}.AppStore|Any CPU.Build.0 = Release|x86
		{7C0F8F45-AC3A-473B-886B-A2E27A5C89F0}.AppStore|Any CPU.Deploy.0 = Release|x86
		{7C0F8F45-AC3A-473B-886B-A2E27A5C89F0}.AppStore|ARM.ActiveCfg = Release|ARM
		{7C0F8F45-AC3A-473B-886B-A2E27A5C89F0}.AppStore|ARM.Build.0 = Release|ARM
		{7C0F8F45-AC3A-473B-886B-A2E27A5C89F0}.AppStore|ARM.Deploy.0 = Release|ARM
		{7C0F8F45-AC3A-473B-886B-A2E27A5C89F0}.AppStore|iPhone.ActiveCfg = Release|x86
		{7C0F8F45-AC3A-473B-886B-A2E27A5C89F0}.AppStore|iPhone.Build.0 = Release|x86
		{7C0F8F45-AC3A-473B-886B-A2E27A5C89F0}.AppStore|iPhone.Deploy.0 = Release|x86
		{7C0F8F45-AC3A-473B-886B-A2E27A5C89F0}.AppStore|iPhoneSimulator.ActiveCfg = Release|x86
		{7C0F8F45-AC3A-473B-886B-A2E27A5C89F0}.AppStore|iPhoneSimulator.Build.0 = Release|x86
		{7C0F8F45-AC3A-473B-886B-A2E27A5C89F0}.AppStore|iPhoneSimulator.Deploy.0 = Release|x86
		{7C0F8F45-AC3A-473B-886B-A2E27A5C89F0}.AppStore|x64.ActiveCfg = Release|x64
		{7C0F8F45-AC3A-473B-886B-A2E27A5C89F0}.AppStore|x64.Build.0 = Release|x64
		{7C0F8F45-AC3A-473B-886B-A2E27A5C89F0}.AppStore|x64.Deploy.0 = Release|x64
		{7C0F8F45-AC3A-473B-886B-A2E27A5C89F0}.AppStore|x86.ActiveCfg = Release|x86
		{7C0F8F45-AC3A-473B-886B-A2E27A5C89F0}.AppStore|x86.Build.0 = Release|x86
		{7C0F8F45-AC3A-473B-886B-A2E27A5C89F0}.AppStore|x86.Deploy.0 = Release|x86
		{7C0F8F45-AC3A-473B-886B-A2E27A5C89F0}.Debug|Any CPU.ActiveCfg = Debug|x86
		{7C0F8F45-AC3A-473B-886B-A2E27A5C89F0}.Debug|Any CPU.Build.0 = Debug|x86
		{7C0F8F45-AC3A-473B-886B-A2E27A5C89F0}.Debug|Any CPU.Deploy.0 = Debug|x86
		{7C0F8F45-AC3A-473B-886B-A2E27A5C89F0}.Debug|ARM.ActiveCfg = Debug|ARM
		{7C0F8F45-AC3A-473B-886B-A2E27A5C89F0}.Debug|ARM.Build.0 = Debug|ARM
		{7C0F8F45-AC3A-473B-886B-A2E27A5C89F0}.Debug|ARM.Deploy.0 = Debug|ARM
		{7C0F8F45-AC3A-473B-886B-A2E27A5C89F0}.Debug|iPhone.ActiveCfg = Debug|x86
		{7C0F8F45-AC3A-473B-886B-A2E27A5C89F0}.Debug|iPhoneSimulator.ActiveCfg = Debug|x86
		{7C0F8F45-AC3A-473B-886B-A2E27A5C89F0}.Debug|x64.ActiveCfg = Debug|x64
		{7C0F8F45-AC3A-473B-886B-A2E27A5C89F0}.Debug|x64.Build.0 = Debug|x64
		{7C0F8F45-AC3A-473B-886B-A2E27A5C89F0}.Debug|x64.Deploy.0 = Debug|x64
		{7C0F8F45-AC3A-473B-886B-A2E27A5C89F0}.Debug|x86.ActiveCfg = Debug|x86
		{7C0F8F45-AC3A-473B-886B-A2E27A5C89F0}.Debug|x86.Build.0 = Debug|x86
		{7C0F8F45-AC3A-473B-886B-A2E27A5C89F0}.Debug|x86.Deploy.0 = Debug|x86
		{7C0F8F45-AC3A-473B-886B-A2E27A5C89F0}.Release|Any CPU.ActiveCfg = Release|x86
		{7C0F8F45-AC3A-473B-886B-A2E27A5C89F0}.Release|ARM.ActiveCfg = Release|ARM
		{7C0F8F45-AC3A-473B-886B-A2E27A5C89F0}.Release|ARM.Build.0 = Release|ARM
		{7C0F8F45-AC3A-473B-886B-A2E27A5C89F0}.Release|ARM.Deploy.0 = Release|ARM
		{7C0F8F45-AC3A-473B-886B-A2E27A5C89F0}.Release|iPhone.ActiveCfg = Release|x86
		{7C0F8F45-AC3A-473B-886B-A2E27A5C89F0}.Release|iPhoneSimulator.ActiveCfg = Release|x86
		{7C0F8F45-AC3A-473B-886B-A2E27A5C89F0}.Release|x64.ActiveCfg = Release|x64
		{7C0F8F45-AC3A-473B-886B-A2E27A5C89F0}.Release|x64.Build.0 = Release|x64
		{7C0F8F45-AC3A-473B-886B-A2E27A5C89F0}.Release|x64.Deploy.0 = Release|x64
		{7C0F8F45-AC3A-473B-886B-A2E27A5C89F0}.Release|x86.ActiveCfg = Release|x86
		{7C0F8F45-AC3A-473B-886B-A2E27A5C89F0}.Release|x86.Build.0 = Release|x86
		{7C0F8F45-AC3A-473B-886B-A2E27A5C89F0}.Release|x86.Deploy.0 = Release|x86
		{A4A57430-B1F1-4E2F-B432-F01B12B1F388}.Ad-Hoc|Any CPU.ActiveCfg = Debug|Any CPU
		{A4A57430-B1F1-4E2F-B432-F01B12B1F388}.Ad-Hoc|Any CPU.Build.0 = Debug|Any CPU
		{A4A57430-B1F1-4E2F-B432-F01B12B1F388}.Ad-Hoc|ARM.ActiveCfg = Debug|Any CPU
		{A4A57430-B1F1-4E2F-B432-F01B12B1F388}.Ad-Hoc|ARM.Build.0 = Debug|Any CPU
		{A4A57430-B1F1-4E2F-B432-F01B12B1F388}.Ad-Hoc|iPhone.ActiveCfg = Debug|Any CPU
		{A4A57430-B1F1-4E2F-B432-F01B12B1F388}.Ad-Hoc|iPhone.Build.0 = Debug|Any CPU
		{A4A57430-B1F1-4E2F-B432-F01B12B1F388}.Ad-Hoc|iPhoneSimulator.ActiveCfg = Debug|Any CPU
		{A4A57430-B1F1-4E2F-B432-F01B12B1F388}.Ad-Hoc|iPhoneSimulator.Build.0 = Debug|Any CPU
		{A4A57430-B1F1-4E2F-B432-F01B12B1F388}.Ad-Hoc|x64.ActiveCfg = Debug|Any CPU
		{A4A57430-B1F1-4E2F-B432-F01B12B1F388}.Ad-Hoc|x64.Build.0 = Debug|Any CPU
		{A4A57430-B1F1-4E2F-B432-F01B12B1F388}.Ad-Hoc|x86.ActiveCfg = Debug|Any CPU
		{A4A57430-B1F1-4E2F-B432-F01B12B1F388}.Ad-Hoc|x86.Build.0 = Debug|Any CPU
		{A4A57430-B1F1-4E2F-B432-F01B12B1F388}.AppStore|Any CPU.ActiveCfg = Debug|Any CPU
		{A4A57430-B1F1-4E2F-B432-F01B12B1F388}.AppStore|Any CPU.Build.0 = Debug|Any CPU
		{A4A57430-B1F1-4E2F-B432-F01B12B1F388}.AppStore|ARM.ActiveCfg = Debug|Any CPU
		{A4A57430-B1F1-4E2F-B432-F01B12B1F388}.AppStore|ARM.Build.0 = Debug|Any CPU
		{A4A57430-B1F1-4E2F-B432-F01B12B1F388}.AppStore|iPhone.ActiveCfg = Debug|Any CPU
		{A4A57430-B1F1-4E2F-B432-F01B12B1F388}.AppStore|iPhone.Build.0 = Debug|Any CPU
		{A4A57430-B1F1-4E2F-B432-F01B12B1F388}.AppStore|iPhoneSimulator.ActiveCfg = Debug|Any CPU
		{A4A57430-B1F1-4E2F-B432-F01B12B1F388}.AppStore|iPhoneSimulator.Build.0 = Debug|Any CPU
		{A4A57430-B1F1-4E2F-B432-F01B12B1F388}.AppStore|x64.ActiveCfg = Debug|Any CPU
		{A4A57430-B1F1-4E2F-B432-F01B12B1F388}.AppStore|x64.Build.0 = Debug|Any CPU
		{A4A57430-B1F1-4E2F-B432-F01B12B1F388}.AppStore|x86.ActiveCfg = Debug|Any CPU
		{A4A57430-B1F1-4E2F-B432-F01B12B1F388}.AppStore|x86.Build.0 = Debug|Any CPU
		{A4A57430-B1F1-4E2F-B432-F01B12B1F388}.Debug|Any CPU.ActiveCfg = Debug|Any CPU
		{A4A57430-B1F1-4E2F-B432-F01B12B1F388}.Debug|Any CPU.Build.0 = Debug|Any CPU
		{A4A57430-B1F1-4E2F-B432-F01B12B1F388}.Debug|ARM.ActiveCfg = Debug|Any CPU
		{A4A57430-B1F1-4E2F-B432-F01B12B1F388}.Debug|ARM.Build.0 = Debug|Any CPU
		{A4A57430-B1F1-4E2F-B432-F01B12B1F388}.Debug|iPhone.ActiveCfg = Debug|Any CPU
		{A4A57430-B1F1-4E2F-B432-F01B12B1F388}.Debug|iPhone.Build.0 = Debug|Any CPU
		{A4A57430-B1F1-4E2F-B432-F01B12B1F388}.Debug|iPhoneSimulator.ActiveCfg = Debug|Any CPU
		{A4A57430-B1F1-4E2F-B432-F01B12B1F388}.Debug|iPhoneSimulator.Build.0 = Debug|Any CPU
		{A4A57430-B1F1-4E2F-B432-F01B12B1F388}.Debug|x64.ActiveCfg = Debug|Any CPU
		{A4A57430-B1F1-4E2F-B432-F01B12B1F388}.Debug|x64.Build.0 = Debug|Any CPU
		{A4A57430-B1F1-4E2F-B432-F01B12B1F388}.Debug|x86.ActiveCfg = Debug|Any CPU
		{A4A57430-B1F1-4E2F-B432-F01B12B1F388}.Debug|x86.Build.0 = Debug|Any CPU
		{A4A57430-B1F1-4E2F-B432-F01B12B1F388}.Release|Any CPU.ActiveCfg = Release|Any CPU
		{A4A57430-B1F1-4E2F-B432-F01B12B1F388}.Release|Any CPU.Build.0 = Release|Any CPU
		{A4A57430-B1F1-4E2F-B432-F01B12B1F388}.Release|ARM.ActiveCfg = Release|Any CPU
		{A4A57430-B1F1-4E2F-B432-F01B12B1F388}.Release|ARM.Build.0 = Release|Any CPU
		{A4A57430-B1F1-4E2F-B432-F01B12B1F388}.Release|iPhone.ActiveCfg = Release|Any CPU
		{A4A57430-B1F1-4E2F-B432-F01B12B1F388}.Release|iPhone.Build.0 = Release|Any CPU
		{A4A57430-B1F1-4E2F-B432-F01B12B1F388}.Release|iPhoneSimulator.ActiveCfg = Release|Any CPU
		{A4A57430-B1F1-4E2F-B432-F01B12B1F388}.Release|iPhoneSimulator.Build.0 = Release|Any CPU
		{A4A57430-B1F1-4E2F-B432-F01B12B1F388}.Release|x64.ActiveCfg = Release|Any CPU
		{A4A57430-B1F1-4E2F-B432-F01B12B1F388}.Release|x64.Build.0 = Release|Any CPU
		{A4A57430-B1F1-4E2F-B432-F01B12B1F388}.Release|x86.ActiveCfg = Release|Any CPU
		{A4A57430-B1F1-4E2F-B432-F01B12B1F388}.Release|x86.Build.0 = Release|Any CPU
		{2D361465-6C11-4B8C-91FD-B5E5C3FF4B2E}.Ad-Hoc|Any CPU.ActiveCfg = Release|Any CPU
		{2D361465-6C11-4B8C-91FD-B5E5C3FF4B2E}.Ad-Hoc|Any CPU.Build.0 = Release|Any CPU
		{2D361465-6C11-4B8C-91FD-B5E5C3FF4B2E}.Ad-Hoc|ARM.ActiveCfg = Release|Any CPU
		{2D361465-6C11-4B8C-91FD-B5E5C3FF4B2E}.Ad-Hoc|ARM.Build.0 = Release|Any CPU
		{2D361465-6C11-4B8C-91FD-B5E5C3FF4B2E}.Ad-Hoc|iPhone.ActiveCfg = Release|Any CPU
		{2D361465-6C11-4B8C-91FD-B5E5C3FF4B2E}.Ad-Hoc|iPhone.Build.0 = Release|Any CPU
		{2D361465-6C11-4B8C-91FD-B5E5C3FF4B2E}.Ad-Hoc|iPhoneSimulator.ActiveCfg = Release|Any CPU
		{2D361465-6C11-4B8C-91FD-B5E5C3FF4B2E}.Ad-Hoc|iPhoneSimulator.Build.0 = Release|Any CPU
		{2D361465-6C11-4B8C-91FD-B5E5C3FF4B2E}.Ad-Hoc|x64.ActiveCfg = Release|Any CPU
		{2D361465-6C11-4B8C-91FD-B5E5C3FF4B2E}.Ad-Hoc|x64.Build.0 = Release|Any CPU
		{2D361465-6C11-4B8C-91FD-B5E5C3FF4B2E}.Ad-Hoc|x86.ActiveCfg = Release|Any CPU
		{2D361465-6C11-4B8C-91FD-B5E5C3FF4B2E}.Ad-Hoc|x86.Build.0 = Release|Any CPU
		{2D361465-6C11-4B8C-91FD-B5E5C3FF4B2E}.AppStore|Any CPU.ActiveCfg = Release|Any CPU
		{2D361465-6C11-4B8C-91FD-B5E5C3FF4B2E}.AppStore|Any CPU.Build.0 = Release|Any CPU
		{2D361465-6C11-4B8C-91FD-B5E5C3FF4B2E}.AppStore|ARM.ActiveCfg = Release|Any CPU
		{2D361465-6C11-4B8C-91FD-B5E5C3FF4B2E}.AppStore|ARM.Build.0 = Release|Any CPU
		{2D361465-6C11-4B8C-91FD-B5E5C3FF4B2E}.AppStore|iPhone.ActiveCfg = Release|Any CPU
		{2D361465-6C11-4B8C-91FD-B5E5C3FF4B2E}.AppStore|iPhone.Build.0 = Release|Any CPU
		{2D361465-6C11-4B8C-91FD-B5E5C3FF4B2E}.AppStore|iPhoneSimulator.ActiveCfg = Release|Any CPU
		{2D361465-6C11-4B8C-91FD-B5E5C3FF4B2E}.AppStore|iPhoneSimulator.Build.0 = Release|Any CPU
		{2D361465-6C11-4B8C-91FD-B5E5C3FF4B2E}.AppStore|x64.ActiveCfg = Release|Any CPU
		{2D361465-6C11-4B8C-91FD-B5E5C3FF4B2E}.AppStore|x64.Build.0 = Release|Any CPU
		{2D361465-6C11-4B8C-91FD-B5E5C3FF4B2E}.AppStore|x86.ActiveCfg = Release|Any CPU
		{2D361465-6C11-4B8C-91FD-B5E5C3FF4B2E}.AppStore|x86.Build.0 = Release|Any CPU
		{2D361465-6C11-4B8C-91FD-B5E5C3FF4B2E}.Debug|Any CPU.ActiveCfg = Debug|Any CPU
		{2D361465-6C11-4B8C-91FD-B5E5C3FF4B2E}.Debug|Any CPU.Build.0 = Debug|Any CPU
		{2D361465-6C11-4B8C-91FD-B5E5C3FF4B2E}.Debug|ARM.ActiveCfg = Debug|Any CPU
		{2D361465-6C11-4B8C-91FD-B5E5C3FF4B2E}.Debug|ARM.Build.0 = Debug|Any CPU
		{2D361465-6C11-4B8C-91FD-B5E5C3FF4B2E}.Debug|iPhone.ActiveCfg = Debug|Any CPU
		{2D361465-6C11-4B8C-91FD-B5E5C3FF4B2E}.Debug|iPhone.Build.0 = Debug|Any CPU
		{2D361465-6C11-4B8C-91FD-B5E5C3FF4B2E}.Debug|iPhoneSimulator.ActiveCfg = Debug|Any CPU
		{2D361465-6C11-4B8C-91FD-B5E5C3FF4B2E}.Debug|iPhoneSimulator.Build.0 = Debug|Any CPU
		{2D361465-6C11-4B8C-91FD-B5E5C3FF4B2E}.Debug|x64.ActiveCfg = Debug|Any CPU
		{2D361465-6C11-4B8C-91FD-B5E5C3FF4B2E}.Debug|x64.Build.0 = Debug|Any CPU
		{2D361465-6C11-4B8C-91FD-B5E5C3FF4B2E}.Debug|x86.ActiveCfg = Debug|Any CPU
		{2D361465-6C11-4B8C-91FD-B5E5C3FF4B2E}.Debug|x86.Build.0 = Debug|Any CPU
		{2D361465-6C11-4B8C-91FD-B5E5C3FF4B2E}.Release|Any CPU.ActiveCfg = Release|Any CPU
		{2D361465-6C11-4B8C-91FD-B5E5C3FF4B2E}.Release|Any CPU.Build.0 = Release|Any CPU
		{2D361465-6C11-4B8C-91FD-B5E5C3FF4B2E}.Release|ARM.ActiveCfg = Release|Any CPU
		{2D361465-6C11-4B8C-91FD-B5E5C3FF4B2E}.Release|ARM.Build.0 = Release|Any CPU
		{2D361465-6C11-4B8C-91FD-B5E5C3FF4B2E}.Release|iPhone.ActiveCfg = Release|Any CPU
		{2D361465-6C11-4B8C-91FD-B5E5C3FF4B2E}.Release|iPhone.Build.0 = Release|Any CPU
		{2D361465-6C11-4B8C-91FD-B5E5C3FF4B2E}.Release|iPhoneSimulator.ActiveCfg = Release|Any CPU
		{2D361465-6C11-4B8C-91FD-B5E5C3FF4B2E}.Release|iPhoneSimulator.Build.0 = Release|Any CPU
		{2D361465-6C11-4B8C-91FD-B5E5C3FF4B2E}.Release|x64.ActiveCfg = Release|Any CPU
		{2D361465-6C11-4B8C-91FD-B5E5C3FF4B2E}.Release|x64.Build.0 = Release|Any CPU
		{2D361465-6C11-4B8C-91FD-B5E5C3FF4B2E}.Release|x86.ActiveCfg = Release|Any CPU
		{2D361465-6C11-4B8C-91FD-B5E5C3FF4B2E}.Release|x86.Build.0 = Release|Any CPU
		{EB06D658-266C-4442-8B20-56F32E9560A3}.Ad-Hoc|Any CPU.ActiveCfg = Release|Any CPU
		{EB06D658-266C-4442-8B20-56F32E9560A3}.Ad-Hoc|Any CPU.Build.0 = Release|Any CPU
		{EB06D658-266C-4442-8B20-56F32E9560A3}.Ad-Hoc|ARM.ActiveCfg = Release|Any CPU
		{EB06D658-266C-4442-8B20-56F32E9560A3}.Ad-Hoc|ARM.Build.0 = Release|Any CPU
		{EB06D658-266C-4442-8B20-56F32E9560A3}.Ad-Hoc|iPhone.ActiveCfg = Release|Any CPU
		{EB06D658-266C-4442-8B20-56F32E9560A3}.Ad-Hoc|iPhone.Build.0 = Release|Any CPU
		{EB06D658-266C-4442-8B20-56F32E9560A3}.Ad-Hoc|iPhoneSimulator.ActiveCfg = Release|Any CPU
		{EB06D658-266C-4442-8B20-56F32E9560A3}.Ad-Hoc|iPhoneSimulator.Build.0 = Release|Any CPU
		{EB06D658-266C-4442-8B20-56F32E9560A3}.Ad-Hoc|x64.ActiveCfg = Release|Any CPU
		{EB06D658-266C-4442-8B20-56F32E9560A3}.Ad-Hoc|x64.Build.0 = Release|Any CPU
		{EB06D658-266C-4442-8B20-56F32E9560A3}.Ad-Hoc|x86.ActiveCfg = Release|Any CPU
		{EB06D658-266C-4442-8B20-56F32E9560A3}.Ad-Hoc|x86.Build.0 = Release|Any CPU
		{EB06D658-266C-4442-8B20-56F32E9560A3}.AppStore|Any CPU.ActiveCfg = Release|Any CPU
		{EB06D658-266C-4442-8B20-56F32E9560A3}.AppStore|Any CPU.Build.0 = Release|Any CPU
		{EB06D658-266C-4442-8B20-56F32E9560A3}.AppStore|ARM.ActiveCfg = Release|Any CPU
		{EB06D658-266C-4442-8B20-56F32E9560A3}.AppStore|ARM.Build.0 = Release|Any CPU
		{EB06D658-266C-4442-8B20-56F32E9560A3}.AppStore|iPhone.ActiveCfg = Release|Any CPU
		{EB06D658-266C-4442-8B20-56F32E9560A3}.AppStore|iPhone.Build.0 = Release|Any CPU
		{EB06D658-266C-4442-8B20-56F32E9560A3}.AppStore|iPhoneSimulator.ActiveCfg = Release|Any CPU
		{EB06D658-266C-4442-8B20-56F32E9560A3}.AppStore|iPhoneSimulator.Build.0 = Release|Any CPU
		{EB06D658-266C-4442-8B20-56F32E9560A3}.AppStore|x64.ActiveCfg = Release|Any CPU
		{EB06D658-266C-4442-8B20-56F32E9560A3}.AppStore|x64.Build.0 = Release|Any CPU
		{EB06D658-266C-4442-8B20-56F32E9560A3}.AppStore|x86.ActiveCfg = Release|Any CPU
		{EB06D658-266C-4442-8B20-56F32E9560A3}.AppStore|x86.Build.0 = Release|Any CPU
		{EB06D658-266C-4442-8B20-56F32E9560A3}.Debug|Any CPU.ActiveCfg = Debug|Any CPU
		{EB06D658-266C-4442-8B20-56F32E9560A3}.Debug|Any CPU.Build.0 = Debug|Any CPU
		{EB06D658-266C-4442-8B20-56F32E9560A3}.Debug|ARM.ActiveCfg = Debug|Any CPU
		{EB06D658-266C-4442-8B20-56F32E9560A3}.Debug|ARM.Build.0 = Debug|Any CPU
		{EB06D658-266C-4442-8B20-56F32E9560A3}.Debug|iPhone.ActiveCfg = Debug|Any CPU
		{EB06D658-266C-4442-8B20-56F32E9560A3}.Debug|iPhone.Build.0 = Debug|Any CPU
		{EB06D658-266C-4442-8B20-56F32E9560A3}.Debug|iPhoneSimulator.ActiveCfg = Debug|Any CPU
		{EB06D658-266C-4442-8B20-56F32E9560A3}.Debug|iPhoneSimulator.Build.0 = Debug|Any CPU
		{EB06D658-266C-4442-8B20-56F32E9560A3}.Debug|x64.ActiveCfg = Debug|Any CPU
		{EB06D658-266C-4442-8B20-56F32E9560A3}.Debug|x64.Build.0 = Debug|Any CPU
		{EB06D658-266C-4442-8B20-56F32E9560A3}.Debug|x86.ActiveCfg = Debug|Any CPU
		{EB06D658-266C-4442-8B20-56F32E9560A3}.Debug|x86.Build.0 = Debug|Any CPU
		{EB06D658-266C-4442-8B20-56F32E9560A3}.Release|Any CPU.ActiveCfg = Release|Any CPU
		{EB06D658-266C-4442-8B20-56F32E9560A3}.Release|Any CPU.Build.0 = Release|Any CPU
		{EB06D658-266C-4442-8B20-56F32E9560A3}.Release|ARM.ActiveCfg = Release|Any CPU
		{EB06D658-266C-4442-8B20-56F32E9560A3}.Release|ARM.Build.0 = Release|Any CPU
		{EB06D658-266C-4442-8B20-56F32E9560A3}.Release|iPhone.ActiveCfg = Release|Any CPU
		{EB06D658-266C-4442-8B20-56F32E9560A3}.Release|iPhone.Build.0 = Release|Any CPU
		{EB06D658-266C-4442-8B20-56F32E9560A3}.Release|iPhoneSimulator.ActiveCfg = Release|Any CPU
		{EB06D658-266C-4442-8B20-56F32E9560A3}.Release|iPhoneSimulator.Build.0 = Release|Any CPU
		{EB06D658-266C-4442-8B20-56F32E9560A3}.Release|x64.ActiveCfg = Release|Any CPU
		{EB06D658-266C-4442-8B20-56F32E9560A3}.Release|x64.Build.0 = Release|Any CPU
		{EB06D658-266C-4442-8B20-56F32E9560A3}.Release|x86.ActiveCfg = Release|Any CPU
		{EB06D658-266C-4442-8B20-56F32E9560A3}.Release|x86.Build.0 = Release|Any CPU
		{C4BBB1E8-94E2-45DD-A236-E25F2D720682}.Ad-Hoc|Any CPU.ActiveCfg = Release|Any CPU
		{C4BBB1E8-94E2-45DD-A236-E25F2D720682}.Ad-Hoc|Any CPU.Build.0 = Release|Any CPU
		{C4BBB1E8-94E2-45DD-A236-E25F2D720682}.Ad-Hoc|ARM.ActiveCfg = Release|Any CPU
		{C4BBB1E8-94E2-45DD-A236-E25F2D720682}.Ad-Hoc|ARM.Build.0 = Release|Any CPU
		{C4BBB1E8-94E2-45DD-A236-E25F2D720682}.Ad-Hoc|iPhone.ActiveCfg = Release|Any CPU
		{C4BBB1E8-94E2-45DD-A236-E25F2D720682}.Ad-Hoc|iPhone.Build.0 = Release|Any CPU
		{C4BBB1E8-94E2-45DD-A236-E25F2D720682}.Ad-Hoc|iPhoneSimulator.ActiveCfg = Release|Any CPU
		{C4BBB1E8-94E2-45DD-A236-E25F2D720682}.Ad-Hoc|iPhoneSimulator.Build.0 = Release|Any CPU
		{C4BBB1E8-94E2-45DD-A236-E25F2D720682}.Ad-Hoc|x64.ActiveCfg = Release|Any CPU
		{C4BBB1E8-94E2-45DD-A236-E25F2D720682}.Ad-Hoc|x64.Build.0 = Release|Any CPU
		{C4BBB1E8-94E2-45DD-A236-E25F2D720682}.Ad-Hoc|x86.ActiveCfg = Release|Any CPU
		{C4BBB1E8-94E2-45DD-A236-E25F2D720682}.Ad-Hoc|x86.Build.0 = Release|Any CPU
		{C4BBB1E8-94E2-45DD-A236-E25F2D720682}.AppStore|Any CPU.ActiveCfg = Release|Any CPU
		{C4BBB1E8-94E2-45DD-A236-E25F2D720682}.AppStore|Any CPU.Build.0 = Release|Any CPU
		{C4BBB1E8-94E2-45DD-A236-E25F2D720682}.AppStore|ARM.ActiveCfg = Release|Any CPU
		{C4BBB1E8-94E2-45DD-A236-E25F2D720682}.AppStore|ARM.Build.0 = Release|Any CPU
		{C4BBB1E8-94E2-45DD-A236-E25F2D720682}.AppStore|iPhone.ActiveCfg = Release|Any CPU
		{C4BBB1E8-94E2-45DD-A236-E25F2D720682}.AppStore|iPhone.Build.0 = Release|Any CPU
		{C4BBB1E8-94E2-45DD-A236-E25F2D720682}.AppStore|iPhoneSimulator.ActiveCfg = Release|Any CPU
		{C4BBB1E8-94E2-45DD-A236-E25F2D720682}.AppStore|iPhoneSimulator.Build.0 = Release|Any CPU
		{C4BBB1E8-94E2-45DD-A236-E25F2D720682}.AppStore|x64.ActiveCfg = Release|Any CPU
		{C4BBB1E8-94E2-45DD-A236-E25F2D720682}.AppStore|x64.Build.0 = Release|Any CPU
		{C4BBB1E8-94E2-45DD-A236-E25F2D720682}.AppStore|x86.ActiveCfg = Release|Any CPU
		{C4BBB1E8-94E2-45DD-A236-E25F2D720682}.AppStore|x86.Build.0 = Release|Any CPU
		{C4BBB1E8-94E2-45DD-A236-E25F2D720682}.Debug|Any CPU.ActiveCfg = Debug|Any CPU
		{C4BBB1E8-94E2-45DD-A236-E25F2D720682}.Debug|Any CPU.Build.0 = Debug|Any CPU
		{C4BBB1E8-94E2-45DD-A236-E25F2D720682}.Debug|ARM.ActiveCfg = Debug|Any CPU
		{C4BBB1E8-94E2-45DD-A236-E25F2D720682}.Debug|ARM.Build.0 = Debug|Any CPU
		{C4BBB1E8-94E2-45DD-A236-E25F2D720682}.Debug|iPhone.ActiveCfg = Debug|Any CPU
		{C4BBB1E8-94E2-45DD-A236-E25F2D720682}.Debug|iPhone.Build.0 = Debug|Any CPU
		{C4BBB1E8-94E2-45DD-A236-E25F2D720682}.Debug|iPhoneSimulator.ActiveCfg = Debug|Any CPU
		{C4BBB1E8-94E2-45DD-A236-E25F2D720682}.Debug|iPhoneSimulator.Build.0 = Debug|Any CPU
		{C4BBB1E8-94E2-45DD-A236-E25F2D720682}.Debug|x64.ActiveCfg = Debug|Any CPU
		{C4BBB1E8-94E2-45DD-A236-E25F2D720682}.Debug|x64.Build.0 = Debug|Any CPU
		{C4BBB1E8-94E2-45DD-A236-E25F2D720682}.Debug|x86.ActiveCfg = Debug|Any CPU
		{C4BBB1E8-94E2-45DD-A236-E25F2D720682}.Debug|x86.Build.0 = Debug|Any CPU
		{C4BBB1E8-94E2-45DD-A236-E25F2D720682}.Release|Any CPU.ActiveCfg = Release|Any CPU
		{C4BBB1E8-94E2-45DD-A236-E25F2D720682}.Release|Any CPU.Build.0 = Release|Any CPU
		{C4BBB1E8-94E2-45DD-A236-E25F2D720682}.Release|ARM.ActiveCfg = Release|Any CPU
		{C4BBB1E8-94E2-45DD-A236-E25F2D720682}.Release|ARM.Build.0 = Release|Any CPU
		{C4BBB1E8-94E2-45DD-A236-E25F2D720682}.Release|iPhone.ActiveCfg = Release|Any CPU
		{C4BBB1E8-94E2-45DD-A236-E25F2D720682}.Release|iPhone.Build.0 = Release|Any CPU
		{C4BBB1E8-94E2-45DD-A236-E25F2D720682}.Release|iPhoneSimulator.ActiveCfg = Release|Any CPU
		{C4BBB1E8-94E2-45DD-A236-E25F2D720682}.Release|iPhoneSimulator.Build.0 = Release|Any CPU
		{C4BBB1E8-94E2-45DD-A236-E25F2D720682}.Release|x64.ActiveCfg = Release|Any CPU
		{C4BBB1E8-94E2-45DD-A236-E25F2D720682}.Release|x64.Build.0 = Release|Any CPU
		{C4BBB1E8-94E2-45DD-A236-E25F2D720682}.Release|x86.ActiveCfg = Release|Any CPU
		{C4BBB1E8-94E2-45DD-A236-E25F2D720682}.Release|x86.Build.0 = Release|Any CPU
	EndGlobalSection
	GlobalSection(SolutionProperties) = preSolution
		HideSolutionNode = FALSE
	EndGlobalSection
	GlobalSection(ExtensibilityGlobals) = postSolution
		SolutionGuid = {2EC06486-6DEC-4DC1-A3FC-04C65571CA4A}
	EndGlobalSection
EndGlobal
